// !$*UTF8*$!
{
	archiveVersion = 1;
	classes = {
	};
	objectVersion = 50;
	objects = {

/* Begin PBXBuildFile section */
		227CEB5428B1961100DEEB0D /* AppDelegate.swift in Sources */ = {isa = PBXBuildFile; fileRef = 227CEB5328B1961100DEEB0D /* AppDelegate.swift */; };
		227CEB5628B1961100DEEB0D /* SceneDelegate.swift in Sources */ = {isa = PBXBuildFile; fileRef = 227CEB5528B1961100DEEB0D /* SceneDelegate.swift */; };
		227CEB5828B1961100DEEB0D /* ViewController.swift in Sources */ = {isa = PBXBuildFile; fileRef = 227CEB5728B1961100DEEB0D /* ViewController.swift */; };
		227CEB5B28B1961100DEEB0D /* Main.storyboard in Resources */ = {isa = PBXBuildFile; fileRef = 227CEB5928B1961100DEEB0D /* Main.storyboard */; };
		227CEB5D28B1961300DEEB0D /* Assets.xcassets in Resources */ = {isa = PBXBuildFile; fileRef = 227CEB5C28B1961300DEEB0D /* Assets.xcassets */; };
		227CEB6028B1961300DEEB0D /* LaunchScreen.storyboard in Resources */ = {isa = PBXBuildFile; fileRef = 227CEB5E28B1961300DEEB0D /* LaunchScreen.storyboard */; };
		227CEB6B28B1961300DEEB0D /* PreworkTests.swift in Sources */ = {isa = PBXBuildFile; fileRef = 227CEB6A28B1961300DEEB0D /* PreworkTests.swift */; };
		227CEB7628B1961300DEEB0D /* PreworkUITests.swift in Sources */ = {isa = PBXBuildFile; fileRef = 227CEB7528B1961300DEEB0D /* PreworkUITests.swift */; };
/* End PBXBuildFile section */

/* Begin PBXContainerItemProxy section */
		227CEB6728B1961300DEEB0D /* PBXContainerItemProxy */ = {
			isa = PBXContainerItemProxy;
			containerPortal = 227CEB4828B1961100DEEB0D /* Project object */;
			proxyType = 1;
			remoteGlobalIDString = 227CEB4F28B1961100DEEB0D;
			remoteInfo = Prework;
		};
		227CEB7228B1961300DEEB0D /* PBXContainerItemProxy */ = {
			isa = PBXContainerItemProxy;
			containerPortal = 227CEB4828B1961100DEEB0D /* Project object */;
			proxyType = 1;
			remoteGlobalIDString = 227CEB4F28B1961100DEEB0D;
			remoteInfo = Prework;
		};
/* End PBXContainerItemProxy section */

/* Begin PBXFileReference section */
		227CEB5028B1961100DEEB0D /* Prework.app */ = {isa = PBXFileReference; explicitFileType = wrapper.application; includeInIndex = 0; path = Prework.app; sourceTree = BUILT_PRODUCTS_DIR; };
		227CEB5328B1961100DEEB0D /* AppDelegate.swift */ = {isa = PBXFileReference; lastKnownFileType = sourcecode.swift; path = AppDelegate.swift; sourceTree = "<group>"; };
		227CEB5528B1961100DEEB0D /* SceneDelegate.swift */ = {isa = PBXFileReference; lastKnownFileType = sourcecode.swift; path = SceneDelegate.swift; sourceTree = "<group>"; };
		227CEB5728B1961100DEEB0D /* ViewController.swift */ = {isa = PBXFileReference; lastKnownFileType = sourcecode.swift; path = ViewController.swift; sourceTree = "<group>"; };
		227CEB5A28B1961100DEEB0D /* Base */ = {isa = PBXFileReference; lastKnownFileType = file.storyboard; name = Base; path = Base.lproj/Main.storyboard; sourceTree = "<group>"; };
		227CEB5C28B1961300DEEB0D /* Assets.xcassets */ = {isa = PBXFileReference; lastKnownFileType = folder.assetcatalog; path = Assets.xcassets; sourceTree = "<group>"; };
		227CEB5F28B1961300DEEB0D /* Base */ = {isa = PBXFileReference; lastKnownFileType = file.storyboard; name = Base; path = Base.lproj/LaunchScreen.storyboard; sourceTree = "<group>"; };
		227CEB6128B1961300DEEB0D /* Info.plist */ = {isa = PBXFileReference; lastKnownFileType = text.plist.xml; path = Info.plist; sourceTree = "<group>"; };
		227CEB6628B1961300DEEB0D /* PreworkTests.xctest */ = {isa = PBXFileReference; explicitFileType = wrapper.cfbundle; includeInIndex = 0; path = PreworkTests.xctest; sourceTree = BUILT_PRODUCTS_DIR; };
		227CEB6A28B1961300DEEB0D /* PreworkTests.swift */ = {isa = PBXFileReference; lastKnownFileType = sourcecode.swift; path = PreworkTests.swift; sourceTree = "<group>"; };
		227CEB6C28B1961300DEEB0D /* Info.plist */ = {isa = PBXFileReference; lastKnownFileType = text.plist.xml; path = Info.plist; sourceTree = "<group>"; };
		227CEB7128B1961300DEEB0D /* PreworkUITests.xctest */ = {isa = PBXFileReference; explicitFileType = wrapper.cfbundle; includeInIndex = 0; path = PreworkUITests.xctest; sourceTree = BUILT_PRODUCTS_DIR; };
		227CEB7528B1961300DEEB0D /* PreworkUITests.swift */ = {isa = PBXFileReference; lastKnownFileType = sourcecode.swift; path = PreworkUITests.swift; sourceTree = "<group>"; };
		227CEB7728B1961400DEEB0D /* Info.plist */ = {isa = PBXFileReference; lastKnownFileType = text.plist.xml; path = Info.plist; sourceTree = "<group>"; };
/* End PBXFileReference section */

/* Begin PBXFrameworksBuildPhase section */
		227CEB4D28B1961100DEEB0D /* Frameworks */ = {
			isa = PBXFrameworksBuildPhase;
			buildActionMask = 2147483647;
			files = (
			);
			runOnlyForDeploymentPostprocessing = 0;
		};
		227CEB6328B1961300DEEB0D /* Frameworks */ = {
			isa = PBXFrameworksBuildPhase;
			buildActionMask = 2147483647;
			files = (
			);
			runOnlyForDeploymentPostprocessing = 0;
		};
		227CEB6E28B1961300DEEB0D /* Frameworks */ = {
			isa = PBXFrameworksBuildPhase;
			buildActionMask = 2147483647;
			files = (
			);
			runOnlyForDeploymentPostprocessing = 0;
		};
/* End PBXFrameworksBuildPhase section */

/* Begin PBXGroup section */
		227CEB4728B1961100DEEB0D = {
			isa = PBXGroup;
			children = (
				227CEB5228B1961100DEEB0D /* Prework */,
				227CEB6928B1961300DEEB0D /* PreworkTests */,
				227CEB7428B1961300DEEB0D /* PreworkUITests */,
				227CEB5128B1961100DEEB0D /* Products */,
			);
			sourceTree = "<group>";
		};
		227CEB5128B1961100DEEB0D /* Products */ = {
			isa = PBXGroup;
			children = (
				227CEB5028B1961100DEEB0D /* Prework.app */,
				227CEB6628B1961300DEEB0D /* PreworkTests.xctest */,
				227CEB7128B1961300DEEB0D /* PreworkUITests.xctest */,
			);
			name = Products;
			sourceTree = "<group>";
		};
		227CEB5228B1961100DEEB0D /* Prework */ = {
			isa = PBXGroup;
			children = (
				227CEB5328B1961100DEEB0D /* AppDelegate.swift */,
				227CEB5528B1961100DEEB0D /* SceneDelegate.swift */,
				227CEB5728B1961100DEEB0D /* ViewController.swift */,
				227CEB5928B1961100DEEB0D /* Main.storyboard */,
				227CEB5C28B1961300DEEB0D /* Assets.xcassets */,
				227CEB5E28B1961300DEEB0D /* LaunchScreen.storyboard */,
				227CEB6128B1961300DEEB0D /* Info.plist */,
			);
			path = Prework;
			sourceTree = "<group>";
		};
		227CEB6928B1961300DEEB0D /* PreworkTests */ = {
			isa = PBXGroup;
			children = (
				227CEB6A28B1961300DEEB0D /* PreworkTests.swift */,
				227CEB6C28B1961300DEEB0D /* Info.plist */,
			);
			path = PreworkTests;
			sourceTree = "<group>";
		};
		227CEB7428B1961300DEEB0D /* PreworkUITests */ = {
			isa = PBXGroup;
			children = (
				227CEB7528B1961300DEEB0D /* PreworkUITests.swift */,
				227CEB7728B1961400DEEB0D /* Info.plist */,
			);
			path = PreworkUITests;
			sourceTree = "<group>";
		};
/* End PBXGroup section */

/* Begin PBXNativeTarget section */
		227CEB4F28B1961100DEEB0D /* Prework */ = {
			isa = PBXNativeTarget;
			buildConfigurationList = 227CEB7A28B1961400DEEB0D /* Build configuration list for PBXNativeTarget "Prework" */;
			buildPhases = (
				227CEB4C28B1961100DEEB0D /* Sources */,
				227CEB4D28B1961100DEEB0D /* Frameworks */,
				227CEB4E28B1961100DEEB0D /* Resources */,
			);
			buildRules = (
			);
			dependencies = (
			);
			name = Prework;
			productName = Prework;
			productReference = 227CEB5028B1961100DEEB0D /* Prework.app */;
			productType = "com.apple.product-type.application";
		};
		227CEB6528B1961300DEEB0D /* PreworkTests */ = {
			isa = PBXNativeTarget;
			buildConfigurationList = 227CEB7D28B1961400DEEB0D /* Build configuration list for PBXNativeTarget "PreworkTests" */;
			buildPhases = (
				227CEB6228B1961300DEEB0D /* Sources */,
				227CEB6328B1961300DEEB0D /* Frameworks */,
				227CEB6428B1961300DEEB0D /* Resources */,
			);
			buildRules = (
			);
			dependencies = (
				227CEB6828B1961300DEEB0D /* PBXTargetDependency */,
			);
			name = PreworkTests;
			productName = PreworkTests;
			productReference = 227CEB6628B1961300DEEB0D /* PreworkTests.xctest */;
			productType = "com.apple.product-type.bundle.unit-test";
		};
		227CEB7028B1961300DEEB0D /* PreworkUITests */ = {
			isa = PBXNativeTarget;
			buildConfigurationList = 227CEB8028B1961400DEEB0D /* Build configuration list for PBXNativeTarget "PreworkUITests" */;
			buildPhases = (
				227CEB6D28B1961300DEEB0D /* Sources */,
				227CEB6E28B1961300DEEB0D /* Frameworks */,
				227CEB6F28B1961300DEEB0D /* Resources */,
			);
			buildRules = (
			);
			dependencies = (
				227CEB7328B1961300DEEB0D /* PBXTargetDependency */,
			);
			name = PreworkUITests;
			productName = PreworkUITests;
			productReference = 227CEB7128B1961300DEEB0D /* PreworkUITests.xctest */;
			productType = "com.apple.product-type.bundle.ui-testing";
		};
/* End PBXNativeTarget section */

/* Begin PBXProject section */
		227CEB4828B1961100DEEB0D /* Project object */ = {
			isa = PBXProject;
			attributes = {
				LastSwiftUpdateCheck = 1120;
				LastUpgradeCheck = 1120;
				ORGANIZATIONNAME = macos;
				TargetAttributes = {
					227CEB4F28B1961100DEEB0D = {
						CreatedOnToolsVersion = 11.2;
					};
					227CEB6528B1961300DEEB0D = {
						CreatedOnToolsVersion = 11.2;
						TestTargetID = 227CEB4F28B1961100DEEB0D;
					};
					227CEB7028B1961300DEEB0D = {
						CreatedOnToolsVersion = 11.2;
						TestTargetID = 227CEB4F28B1961100DEEB0D;
					};
				};
			};
			buildConfigurationList = 227CEB4B28B1961100DEEB0D /* Build configuration list for PBXProject "Prework" */;
			compatibilityVersion = "Xcode 9.3";
			developmentRegion = en;
			hasScannedForEncodings = 0;
			knownRegions = (
				en,
				Base,
			);
			mainGroup = 227CEB4728B1961100DEEB0D;
			productRefGroup = 227CEB5128B1961100DEEB0D /* Products */;
			projectDirPath = "";
			projectRoot = "";
			targets = (
				227CEB4F28B1961100DEEB0D /* Prework */,
				227CEB6528B1961300DEEB0D /* PreworkTests */,
				227CEB7028B1961300DEEB0D /* PreworkUITests */,
			);
		};
/* End PBXProject section */

/* Begin PBXResourcesBuildPhase section */
		227CEB4E28B1961100DEEB0D /* Resources */ = {
			isa = PBXResourcesBuildPhase;
			buildActionMask = 2147483647;
			files = (
				227CEB6028B1961300DEEB0D /* LaunchScreen.storyboard in Resources */,
				227CEB5D28B1961300DEEB0D /* Assets.xcassets in Resources */,
				227CEB5B28B1961100DEEB0D /* Main.storyboard in Resources */,
			);
			runOnlyForDeploymentPostprocessing = 0;
		};
		227CEB6428B1961300DEEB0D /* Resources */ = {
			isa = PBXResourcesBuildPhase;
			buildActionMask = 2147483647;
			files = (
			);
			runOnlyForDeploymentPostprocessing = 0;
		};
		227CEB6F28B1961300DEEB0D /* Resources */ = {
			isa = PBXResourcesBuildPhase;
			buildActionMask = 2147483647;
			files = (
			);
			runOnlyForDeploymentPostprocessing = 0;
		};
/* End PBXResourcesBuildPhase section */

/* Begin PBXSourcesBuildPhase section */
		227CEB4C28B1961100DEEB0D /* Sources */ = {
			isa = PBXSourcesBuildPhase;
			buildActionMask = 2147483647;
			files = (
				227CEB5828B1961100DEEB0D /* ViewController.swift in Sources */,
				227CEB5428B1961100DEEB0D /* AppDelegate.swift in Sources */,
				227CEB5628B1961100DEEB0D /* SceneDelegate.swift in Sources */,
			);
			runOnlyForDeploymentPostprocessing = 0;
		};
		227CEB6228B1961300DEEB0D /* Sources */ = {
			isa = PBXSourcesBuildPhase;
			buildActionMask = 2147483647;
			files = (
				227CEB6B28B1961300DEEB0D /* PreworkTests.swift in Sources */,
			);
			runOnlyForDeploymentPostprocessing = 0;
		};
		227CEB6D28B1961300DEEB0D /* Sources */ = {
			isa = PBXSourcesBuildPhase;
			buildActionMask = 2147483647;
			files = (
				227CEB7628B1961300DEEB0D /* PreworkUITests.swift in Sources */,
			);
			runOnlyForDeploymentPostprocessing = 0;
		};
/* End PBXSourcesBuildPhase section */

/* Begin PBXTargetDependency section */
		227CEB6828B1961300DEEB0D /* PBXTargetDependency */ = {
			isa = PBXTargetDependency;
			target = 227CEB4F28B1961100DEEB0D /* Prework */;
			targetProxy = 227CEB6728B1961300DEEB0D /* PBXContainerItemProxy */;
		};
		227CEB7328B1961300DEEB0D /* PBXTargetDependency */ = {
			isa = PBXTargetDependency;
			target = 227CEB4F28B1961100DEEB0D /* Prework */;
			targetProxy = 227CEB7228B1961300DEEB0D /* PBXContainerItemProxy */;
		};
/* End PBXTargetDependency section */

/* Begin PBXVariantGroup section */
		227CEB5928B1961100DEEB0D /* Main.storyboard */ = {
			isa = PBXVariantGroup;
			children = (
				227CEB5A28B1961100DEEB0D /* Base */,
			);
			name = Main.storyboard;
			sourceTree = "<group>";
		};
		227CEB5E28B1961300DEEB0D /* LaunchScreen.storyboard */ = {
			isa = PBXVariantGroup;
			children = (
				227CEB5F28B1961300DEEB0D /* Base */,
			);
			name = LaunchScreen.storyboard;
			sourceTree = "<group>";
		};
/* End PBXVariantGroup section */

/* Begin XCBuildConfiguration section */
		227CEB7828B1961400DEEB0D /* Debug */ = {
			isa = XCBuildConfiguration;
			buildSettings = {
				ALWAYS_SEARCH_USER_PATHS = NO;
				CLANG_ANALYZER_NONNULL = YES;
				CLANG_ANALYZER_NUMBER_OBJECT_CONVERSION = YES_AGGRESSIVE;
				CLANG_CXX_LANGUAGE_STANDARD = "gnu++14";
				CLANG_CXX_LIBRARY = "libc++";
				CLANG_ENABLE_MODULES = YES;
				CLANG_ENABLE_OBJC_ARC = YES;
				CLANG_ENABLE_OBJC_WEAK = YES;
				CLANG_WARN_BLOCK_CAPTURE_AUTORELEASING = YES;
				CLANG_WARN_BOOL_CONVERSION = YES;
				CLANG_WARN_COMMA = YES;
				CLANG_WARN_CONSTANT_CONVERSION = YES;
				CLANG_WARN_DEPRECATED_OBJC_IMPLEMENTATIONS = YES;
				CLANG_WARN_DIRECT_OBJC_ISA_USAGE = YES_ERROR;
				CLANG_WARN_DOCUMENTATION_COMMENTS = YES;
				CLANG_WARN_EMPTY_BODY = YES;
				CLANG_WARN_ENUM_CONVERSION = YES;
				CLANG_WARN_INFINITE_RECURSION = YES;
				CLANG_WARN_INT_CONVERSION = YES;
				CLANG_WARN_NON_LITERAL_NULL_CONVERSION = YES;
				CLANG_WARN_OBJC_IMPLICIT_RETAIN_SELF = YES;
				CLANG_WARN_OBJC_LITERAL_CONVERSION = YES;
				CLANG_WARN_OBJC_ROOT_CLASS = YES_ERROR;
				CLANG_WARN_RANGE_LOOP_ANALYSIS = YES;
				CLANG_WARN_STRICT_PROTOTYPES = YES;
				CLANG_WARN_SUSPICIOUS_MOVE = YES;
				CLANG_WARN_UNGUARDED_AVAILABILITY = YES_AGGRESSIVE;
				CLANG_WARN_UNREACHABLE_CODE = YES;
				CLANG_WARN__DUPLICATE_METHOD_MATCH = YES;
				COPY_PHASE_STRIP = NO;
				DEBUG_INFORMATION_FORMAT = dwarf;
				ENABLE_STRICT_OBJC_MSGSEND = YES;
				ENABLE_TESTABILITY = YES;
				GCC_C_LANGUAGE_STANDARD = gnu11;
				GCC_DYNAMIC_NO_PIC = NO;
				GCC_NO_COMMON_BLOCKS = YES;
				GCC_OPTIMIZATION_LEVEL = 0;
				GCC_PREPROCESSOR_DEFINITIONS = (
					"DEBUG=1",
					"$(inherited)",
				);
				GCC_WARN_64_TO_32_BIT_CONVERSION = YES;
				GCC_WARN_ABOUT_RETURN_TYPE = YES_ERROR;
				GCC_WARN_UNDECLARED_SELECTOR = YES;
				GCC_WARN_UNINITIALIZED_AUTOS = YES_AGGRESSIVE;
				GCC_WARN_UNUSED_FUNCTION = YES;
				GCC_WARN_UNUSED_VARIABLE = YES;
				IPHONEOS_DEPLOYMENT_TARGET = 13.2;
				MTL_ENABLE_DEBUG_INFO = INCLUDE_SOURCE;
				MTL_FAST_MATH = YES;
				ONLY_ACTIVE_ARCH = YES;
				SDKROOT = iphoneos;
				SWIFT_ACTIVE_COMPILATION_CONDITIONS = DEBUG;
				SWIFT_OPTIMIZATION_LEVEL = "-Onone";
			};
			name = Debug;
		};
		227CEB7928B1961400DEEB0D /* Release */ = {
			isa = XCBuildConfiguration;
			buildSettings = {
				ALWAYS_SEARCH_USER_PATHS = NO;
				CLANG_ANALYZER_NONNULL = YES;
				CLANG_ANALYZER_NUMBER_OBJECT_CONVERSION = YES_AGGRESSIVE;
				CLANG_CXX_LANGUAGE_STANDARD = "gnu++14";
				CLANG_CXX_LIBRARY = "libc++";
				CLANG_ENABLE_MODULES = YES;
				CLANG_ENABLE_OBJC_ARC = YES;
				CLANG_ENABLE_OBJC_WEAK = YES;
				CLANG_WARN_BLOCK_CAPTURE_AUTORELEASING = YES;
				CLANG_WARN_BOOL_CONVERSION = YES;
				CLANG_WARN_COMMA = YES;
				CLANG_WARN_CONSTANT_CONVERSION = YES;
				CLANG_WARN_DEPRECATED_OBJC_IMPLEMENTATIONS = YES;
				CLANG_WARN_DIRECT_OBJC_ISA_USAGE = YES_ERROR;
				CLANG_WARN_DOCUMENTATION_COMMENTS = YES;
				CLANG_WARN_EMPTY_BODY = YES;
				CLANG_WARN_ENUM_CONVERSION = YES;
				CLANG_WARN_INFINITE_RECURSION = YES;
				CLANG_WARN_INT_CONVERSION = YES;
				CLANG_WARN_NON_LITERAL_NULL_CONVERSION = YES;
				CLANG_WARN_OBJC_IMPLICIT_RETAIN_SELF = YES;
				CLANG_WARN_OBJC_LITERAL_CONVERSION = YES;
				CLANG_WARN_OBJC_ROOT_CLASS = YES_ERROR;
				CLANG_WARN_RANGE_LOOP_ANALYSIS = YES;
				CLANG_WARN_STRICT_PROTOTYPES = YES;
				CLANG_WARN_SUSPICIOUS_MOVE = YES;
				CLANG_WARN_UNGUARDED_AVAILABILITY = YES_AGGRESSIVE;
				CLANG_WARN_UNREACHABLE_CODE = YES;
				CLANG_WARN__DUPLICATE_METHOD_MATCH = YES;
				COPY_PHASE_STRIP = NO;
				DEBUG_INFORMATION_FORMAT = "dwarf-with-dsym";
				ENABLE_NS_ASSERTIONS = NO;
				ENABLE_STRICT_OBJC_MSGSEND = YES;
				GCC_C_LANGUAGE_STANDARD = gnu11;
				GCC_NO_COMMON_BLOCKS = YES;
				GCC_WARN_64_TO_32_BIT_CONVERSION = YES;
				GCC_WARN_ABOUT_RETURN_TYPE = YES_ERROR;
				GCC_WARN_UNDECLARED_SELECTOR = YES;
				GCC_WARN_UNINITIALIZED_AUTOS = YES_AGGRESSIVE;
				GCC_WARN_UNUSED_FUNCTION = YES;
				GCC_WARN_UNUSED_VARIABLE = YES;
				IPHONEOS_DEPLOYMENT_TARGET = 13.2;
				MTL_ENABLE_DEBUG_INFO = NO;
				MTL_FAST_MATH = YES;
				SDKROOT = iphoneos;
				SWIFT_COMPILATION_MODE = wholemodule;
				SWIFT_OPTIMIZATION_LEVEL = "-O";
				VALIDATE_PRODUCT = YES;
			};
			name = Release;
		};
		227CEB7B28B1961400DEEB0D /* Debug */ = {
			isa = XCBuildConfiguration;
			buildSettings = {
				ASSETCATALOG_COMPILER_APPICON_NAME = AppIcon;
				CODE_SIGN_STYLE = Automatic;
				INFOPLIST_FILE = Prework/Info.plist;
				LD_RUNPATH_SEARCH_PATHS = (
					"$(inherited)",
					"@executable_path/Frameworks",
				);
				PRODUCT_BUNDLE_IDENTIFIER = mac.Prework;
				PRODUCT_NAME = "$(TARGET_NAME)";
				SWIFT_VERSION = 5.0;
				TARGETED_DEVICE_FAMILY = "1,2";
			};
			name = Debug;
		};
		227CEB7C28B1961400DEEB0D /* Release */ = {
			isa = XCBuildConfiguration;
			buildSettings = {
				ASSETCATALOG_COMPILER_APPICON_NAME = AppIcon;
				CODE_SIGN_STYLE = Automatic;
				INFOPLIST_FILE = Prework/Info.plist;
				LD_RUNPATH_SEARCH_PATHS = (
					"$(inherited)",
					"@executable_path/Frameworks",
				);
				PRODUCT_BUNDLE_IDENTIFIER = mac.Prework;
				PRODUCT_NAME = "$(TARGET_NAME)";
				SWIFT_VERSION = 5.0;
				TARGETED_DEVICE_FAMILY = "1,2";
			};
			name = Release;
		};
		227CEB7E28B1961400DEEB0D /* Debug */ = {
			isa = XCBuildConfiguration;
			buildSettings = {
				ALWAYS_EMBED_SWIFT_STANDARD_LIBRARIES = YES;
				BUNDLE_LOADER = "$(TEST_HOST)";
				CODE_SIGN_STYLE = Automatic;
				INFOPLIST_FILE = PreworkTests/Info.plist;
				IPHONEOS_DEPLOYMENT_TARGET = 13.2;
				LD_RUNPATH_SEARCH_PATHS = (
					"$(inherited)",
					"@executable_path/Frameworks",
					"@loader_path/Frameworks",
				);
				PRODUCT_BUNDLE_IDENTIFIER = mac.PreworkTests;
				PRODUCT_NAME = "$(TARGET_NAME)";
				SWIFT_VERSION = 5.0;
				TARGETED_DEVICE_FAMILY = "1,2";
				TEST_HOST = "$(BUILT_PRODUCTS_DIR)/Prework.app/Prework";
			};
			name = Debug;
		};
		227CEB7F28B1961400DEEB0D /* Release */ = {
			isa = XCBuildConfiguration;
			buildSettings = {
				ALWAYS_EMBED_SWIFT_STANDARD_LIBRARIES = YES;
				BUNDLE_LOADER = "$(TEST_HOST)";
				CODE_SIGN_STYLE = Automatic;
				INFOPLIST_FILE = PreworkTests/Info.plist;
				IPHONEOS_DEPLOYMENT_TARGET = 13.2;
				LD_RUNPATH_SEARCH_PATHS = (
					"$(inherited)",
					"@executable_path/Frameworks",
					"@loader_path/Frameworks",
				);
				PRODUCT_BUNDLE_IDENTIFIER = mac.PreworkTests;
				PRODUCT_NAME = "$(TARGET_NAME)";
				SWIFT_VERSION = 5.0;
				TARGETED_DEVICE_FAMILY = "1,2";
				TEST_HOST = "$(BUILT_PRODUCTS_DIR)/Prework.app/Prework";
			};
			name = Release;
		};
		227CEB8128B1961400DEEB0D /* Debug */ = {
			isa = XCBuildConfiguration;
			buildSettings = {
				ALWAYS_EMBED_SWIFT_STANDARD_LIBRARIES = YES;
				CODE_SIGN_STYLE = Automatic;
				INFOPLIST_FILE = PreworkUITests/Info.plist;
				LD_RUNPATH_SEARCH_PATHS = (
					"$(inherited)",
					"@executable_path/Frameworks",
					"@loader_path/Frameworks",
				);
				PRODUCT_BUNDLE_IDENTIFIER = mac.PreworkUITests;
				PRODUCT_NAME = "$(TARGET_NAME)";
				SWIFT_VERSION = 5.0;
				TARGETED_DEVICE_FAMILY = "1,2";
				TEST_TARGET_NAME = Prework;
			};
			name = Debug;
		};
		227CEB8228B1961400DEEB0D /* Release */ = {
			isa = XCBuildConfiguration;
			buildSettings = {
				ALWAYS_EMBED_SWIFT_STANDARD_LIBRARIES = YES;
				CODE_SIGN_STYLE = Automatic;
				INFOPLIST_FILE = PreworkUITests/Info.plist;
				LD_RUNPATH_SEARCH_PATHS = (
					"$(inherited)",
					"@executable_path/Frameworks",
					"@loader_path/Frameworks",
				);
				PRODUCT_BUNDLE_IDENTIFIER = mac.PreworkUITests;
				PRODUCT_NAME = "$(TARGET_NAME)";
				SWIFT_VERSION = 5.0;
				TARGETED_DEVICE_FAMILY = "1,2";
				TEST_TARGET_NAME = Prework;
			};
			name = Release;
		};
/* End XCBuildConfiguration section */

/* Begin XCConfigurationList section */
		227CEB4B28B1961100DEEB0D /* Build configuration list for PBXProject "Prework" */ = {
			isa = XCConfigurationList;
			buildConfigurations = (
				227CEB7828B1961400DEEB0D /* Debug */,
				227CEB7928B1961400DEEB0D /* Release */,
			);
			defaultConfigurationIsVisible = 0;
			defaultConfigurationName = Release;
		};
		227CEB7A28B1961400DEEB0D /* Build configuration list for PBXNativeTarget "Prework" */ = {
			isa = XCConfigurationList;
			buildConfigurations = (
				227CEB7B28B1961400DEEB0D /* Debug */,
				227CEB7C28B1961400DEEB0D /* Release */,
			);
			defaultConfigurationIsVisible = 0;
			defaultConfigurationName = Release;
		};
		227CEB7D28B1961400DEEB0D /* Build configuration list for PBXNativeTarget "PreworkTests" */ = {
			isa = XCConfigurationList;
			buildConfigurations = (
				227CEB7E28B1961400DEEB0D /* Debug */,
				227CEB7F28B1961400DEEB0D /* Release */,
			);
			defaultConfigurationIsVisible = 0;
			defaultConfigurationName = Release;
		};
		227CEB8028B1961400DEEB0D /* Build configuration list for PBXNativeTarget "PreworkUITests" */ = {
			isa = XCConfigurationList;
			buildConfigurations = (
				227CEB8128B1961400DEEB0D /* Debug */,
				227CEB8228B1961400DEEB0D /* Release */,
			);
			defaultConfigurationIsVisible = 0;
			defaultConfigurationName = Release;
		};
/* End XCConfigurationList section */
	};
	rootObject = 227CEB4828B1961100DEEB0D /* Project object */;
}
